{
    "_meta": {
        "hash": {
            "sha256": "8c94a2481c60c126b7999cccc675908a635d5779d9e8d1bc5ea8eeca42840de7"
        },
        "pipfile-spec": 6,
        "requires": {
            "python_version": "3.6"
        },
        "sources": [
            {
                "name": "pypi",
                "url": "https://pypi.org/simple",
                "verify_ssl": true
            }
        ]
    },
    "default": {
        "pyaes": {
            "hashes": [
                "sha256:02c1b1405c38d3c370b085fb952dd8bea3fadcee6411ad99f312cc129c536d8f"
            ],
            "version": "==1.6.1"
        },
        "pyasn1": {
            "hashes": [
                "sha256:39c7e2ec30515947ff4e87fb6f456dfc6e84857d34be479c9d4a4ba4bf46aa5d",
                "sha256:aef77c9fb94a3ac588e87841208bdec464471d9871bd5050a287cc9a475cd0ba"
            ],
            "version": "==0.4.8"
        },
        "rsa": {
            "hashes": [
                "sha256:2c7c8624ef9b55bacc3be8bdcec5cefc381ddc156e968d6437fe0fd08af00eb0",
                "sha256:6fa6a54eb72bfc0abca7f27880b978b14a643ba2a6ad9f4a56a95be82129ca1b"
            ],
            "index": "pypi",
            "version": "==4.1"
        },
        "telethon": {
            "hashes": [
                "sha256:8749e1653d14a2630e8143870da18ae9778456f2b3941058a497c089362c0b9b",
                "sha256:9b9c336da3cc1a9c7e432d42b6612a6a03f6192b4da84d4aaf3baee949b364bd"
            ],
            "index": "pypi",
            "version": "==1.10.9"
        }
    },
    "develop": {}
}
