{
    "_meta": {
        "hash": {
            "sha256": "8c94a2481c60c126b7999cccc675908a635d5779d9e8d1bc5ea8eeca42840de7"
        },
        "pipfile-spec": 6,
        "requires": {
            "python_version": "3.6"
        },
        "sources": [
            {
                "name": "pypi",
                "url": "https://pypi.org/simple",
                "verify_ssl": true
            }
        ]
    },
    "default": {
        "pyaes": {
            "hashes": [
                "sha256:02c1b1405c38d3c370b085fb952dd8bea3fadcee6411ad99f312cc129c536d8f"
            ],
            "version": "==1.6.1"
        },
        "pyasn1": {
            "hashes": [
                "sha256:39c7e2ec30515947ff4e87fb6f456dfc6e84857d34be479c9d4a4ba4bf46aa5d",
                "sha256:aef77c9fb94a3ac588e87841208bdec464471d9871bd5050a287cc9a475cd0ba"
            ],
            "version": "==0.4.8"
        },
        "rsa": {
            "hashes": [
                "sha256:69805d6b69f56eb05b62daea3a7dbd7aa44324ad1306445e05da8060232d00f4",
                "sha256:a8774e55b59fd9fc893b0d05e9bfc6f47081f46ff5b46f39ccf24631b7be356b"
            ],
            "index": "pypi",
            "version": "==4.7"
        },
        "telethon": {
            "hashes": [
                "sha256:8749e1653d14a2630e8143870da18ae9778456f2b3941058a497c089362c0b9b",
                "sha256:9b9c336da3cc1a9c7e432d42b6612a6a03f6192b4da84d4aaf3baee949b364bd"
            ],
            "index": "pypi",
            "version": "==1.10.9"
        }
    },
    "develop": {}
}
